// !$*UTF8*$!
{
	archiveVersion = 1;
	classes = {
	};
	objectVersion = 50;
	objects = {

/* Begin PBXBuildFile section */
		FE5FED8424D29CAB00DAD9A4 /* AppDelegate.m in Sources */ = {isa = PBXBuildFile; fileRef = FE5FED8324D29CAB00DAD9A4 /* AppDelegate.m */; };
		FE5FED8724D29CAB00DAD9A4 /* SceneDelegate.m in Sources */ = {isa = PBXBuildFile; fileRef = FE5FED8624D29CAB00DAD9A4 /* SceneDelegate.m */; };
		FE5FED8A24D29CAB00DAD9A4 /* ViewController.m in Sources */ = {isa = PBXBuildFile; fileRef = FE5FED8924D29CAB00DAD9A4 /* ViewController.m */; };
		FE5FED8D24D29CAB00DAD9A4 /* Main.storyboard in Resources */ = {isa = PBXBuildFile; fileRef = FE5FED8B24D29CAB00DAD9A4 /* Main.storyboard */; };
		FE5FED8F24D29CAC00DAD9A4 /* Assets.xcassets in Resources */ = {isa = PBXBuildFile; fileRef = FE5FED8E24D29CAC00DAD9A4 /* Assets.xcassets */; };
		FE5FED9224D29CAC00DAD9A4 /* LaunchScreen.storyboard in Resources */ = {isa = PBXBuildFile; fileRef = FE5FED9024D29CAC00DAD9A4 /* LaunchScreen.storyboard */; };
		FE5FED9524D29CAC00DAD9A4 /* main.m in Sources */ = {isa = PBXBuildFile; fileRef = FE5FED9424D29CAC00DAD9A4 /* main.m */; };
/* End PBXBuildFile section */

/* Begin PBXFileReference section */
		FE5FED7F24D29CAB00DAD9A4 /* PodTest.app */ = {isa = PBXFileReference; explicitFileType = wrapper.application; includeInIndex = 0; path = PodTest.app; sourceTree = BUILT_PRODUCTS_DIR; };
		FE5FED8224D29CAB00DAD9A4 /* AppDelegate.h */ = {isa = PBXFileReference; lastKnownFileType = sourcecode.c.h; path = AppDelegate.h; sourceTree = "<group>"; };
		FE5FED8324D29CAB00DAD9A4 /* AppDelegate.m */ = {isa = PBXFileReference; lastKnownFileType = sourcecode.c.objc; path = AppDelegate.m; sourceTree = "<group>"; };
		FE5FED8524D29CAB00DAD9A4 /* SceneDelegate.h */ = {isa = PBXFileReference; lastKnownFileType = sourcecode.c.h; path = SceneDelegate.h; sourceTree = "<group>"; };
		FE5FED8624D29CAB00DAD9A4 /* SceneDelegate.m */ = {isa = PBXFileReference; lastKnownFileType = sourcecode.c.objc; path = SceneDelegate.m; sourceTree = "<group>"; };
		FE5FED8824D29CAB00DAD9A4 /* ViewController.h */ = {isa = PBXFileReference; lastKnownFileType = sourcecode.c.h; path = ViewController.h; sourceTree = "<group>"; };
		FE5FED8924D29CAB00DAD9A4 /* ViewController.m */ = {isa = PBXFileReference; lastKnownFileType = sourcecode.c.objc; path = ViewController.m; sourceTree = "<group>"; };
		FE5FED8C24D29CAB00DAD9A4 /* Base */ = {isa = PBXFileReference; lastKnownFileType = file.storyboard; name = Base; path = Base.lproj/Main.storyboard; sourceTree = "<group>"; };
		FE5FED8E24D29CAC00DAD9A4 /* Assets.xcassets */ = {isa = PBXFileReference; lastKnownFileType = folder.assetcatalog; path = Assets.xcassets; sourceTree = "<group>"; };
		FE5FED9124D29CAC00DAD9A4 /* Base */ = {isa = PBXFileReference; lastKnownFileType = file.storyboard; name = Base; path = Base.lproj/LaunchScreen.storyboard; sourceTree = "<group>"; };
		FE5FED9324D29CAC00DAD9A4 /* Info.plist */ = {isa = PBXFileReference; lastKnownFileType = text.plist.xml; path = Info.plist; sourceTree = "<group>"; };
		FE5FED9424D29CAC00DAD9A4 /* main.m */ = {isa = PBXFileReference; lastKnownFileType = sourcecode.c.objc; path = main.m; sourceTree = "<group>"; };
/* End PBXFileReference section */

/* Begin PBXFrameworksBuildPhase section */
		FE5FED7C24D29CAB00DAD9A4 /* Frameworks */ = {
			isa = PBXFrameworksBuildPhase;
			buildActionMask = 2147483647;
			files = (
			);
			runOnlyForDeploymentPostprocessing = 0;
		};
/* End PBXFrameworksBuildPhase section */

/* Begin PBXGroup section */
		FE5FED7624D29CAB00DAD9A4 = {
			isa = PBXGroup;
			children = (
				FE5FED8124D29CAB00DAD9A4 /* PodTest */,
				FE5FED8024D29CAB00DAD9A4 /* Products */,
			);
			sourceTree = "<group>";
		};
		FE5FED8024D29CAB00DAD9A4 /* Products */ = {
			isa = PBXGroup;
			children = (
				FE5FED7F24D29CAB00DAD9A4 /* PodTest.app */,
			);
			name = Products;
			sourceTree = "<group>";
		};
		FE5FED8124D29CAB00DAD9A4 /* PodTest */ = {
			isa = PBXGroup;
			children = (
				FE5FED8224D29CAB00DAD9A4 /* AppDelegate.h */,
				FE5FED8324D29CAB00DAD9A4 /* AppDelegate.m */,
				FE5FED8524D29CAB00DAD9A4 /* SceneDelegate.h */,
				FE5FED8624D29CAB00DAD9A4 /* SceneDelegate.m */,
				FE5FED8824D29CAB00DAD9A4 /* ViewController.h */,
				FE5FED8924D29CAB00DAD9A4 /* ViewController.m */,
				FE5FED8B24D29CAB00DAD9A4 /* Main.storyboard */,
				FE5FED8E24D29CAC00DAD9A4 /* Assets.xcassets */,
				FE5FED9024D29CAC00DAD9A4 /* LaunchScreen.storyboard */,
				FE5FED9324D29CAC00DAD9A4 /* Info.plist */,
				FE5FED9424D29CAC00DAD9A4 /* main.m */,
			);
			path = PodTest;
			sourceTree = "<group>";
		};
/* End PBXGroup section */

/* Begin PBXNativeTarget section */
		FE5FED7E24D29CAB00DAD9A4 /* PodTest */ = {
			isa = PBXNativeTarget;
			buildConfigurationList = FE5FED9824D29CAC00DAD9A4 /* Build configuration list for PBXNativeTarget "PodTest" */;
			buildPhases = (
				FE5FED7B24D29CAB00DAD9A4 /* Sources */,
				FE5FED7C24D29CAB00DAD9A4 /* Frameworks */,
				FE5FED7D24D29CAB00DAD9A4 /* Resources */,
			);
			buildRules = (
			);
			dependencies = (
			);
			name = PodTest;
			productName = PodTest;
			productReference = FE5FED7F24D29CAB00DAD9A4 /* PodTest.app */;
			productType = "com.apple.product-type.application";
		};
/* End PBXNativeTarget section */

/* Begin PBXProject section */
		FE5FED7724D29CAB00DAD9A4 /* Project object */ = {
			isa = PBXProject;
			attributes = {
				LastUpgradeCheck = 1100;
				ORGANIZATIONNAME = "杨广军";
				TargetAttributes = {
					FE5FED7E24D29CAB00DAD9A4 = {
						CreatedOnToolsVersion = 11.0;
					};
				};
			};
			buildConfigurationList = FE5FED7A24D29CAB00DAD9A4 /* Build configuration list for PBXProject "PodTest" */;
			compatibilityVersion = "Xcode 9.3";
			developmentRegion = en;
			hasScannedForEncodings = 0;
			knownRegions = (
				en,
				Base,
			);
			mainGroup = FE5FED7624D29CAB00DAD9A4;
			productRefGroup = FE5FED8024D29CAB00DAD9A4 /* Products */;
			projectDirPath = "";
			projectRoot = "";
			targets = (
				FE5FED7E24D29CAB00DAD9A4 /* PodTest */,
			);
		};
/* End PBXProject section */

/* Begin PBXResourcesBuildPhase section */
		FE5FED7D24D29CAB00DAD9A4 /* Resources */ = {
			isa = PBXResourcesBuildPhase;
			buildActionMask = 2147483647;
			files = (
				FE5FED9224D29CAC00DAD9A4 /* LaunchScreen.storyboard in Resources */,
				FE5FED8F24D29CAC00DAD9A4 /* Assets.xcassets in Resources */,
				FE5FED8D24D29CAB00DAD9A4 /* Main.storyboard in Resources */,
			);
			runOnlyForDeploymentPostprocessing = 0;
		};
/* End PBXResourcesBuildPhase section */

/* Begin PBXSourcesBuildPhase section */
		FE5FED7B24D29CAB00DAD9A4 /* Sources */ = {
			isa = PBXSourcesBuildPhase;
			buildActionMask = 2147483647;
			files = (
				FE5FED8A24D29CAB00DAD9A4 /* ViewController.m in Sources */,
				FE5FED8424D29CAB00DAD9A4 /* AppDelegate.m in Sources */,
				FE5FED9524D29CAC00DAD9A4 /* main.m in Sources */,
				FE5FED8724D29CAB00DAD9A4 /* SceneDelegate.m in Sources */,
			);
			runOnlyForDeploymentPostprocessing = 0;
		};
/* End PBXSourcesBuildPhase section */

/* Begin PBXVariantGroup section */
		FE5FED8B24D29CAB00DAD9A4 /* Main.storyboard */ = {
			isa = PBXVariantGroup;
			children = (
				FE5FED8C24D29CAB00DAD9A4 /* Base */,
			);
			name = Main.storyboard;
			sourceTree = "<group>";
		};
		FE5FED9024D29CAC00DAD9A4 /* LaunchScreen.storyboard */ = {
			isa = PBXVariantGroup;
			children = (
				FE5FED9124D29CAC00DAD9A4 /* Base */,
			);
			name = LaunchScreen.storyboard;
			sourceTree = "<group>";
		};
/* End PBXVariantGroup section */

/* Begin XCBuildConfiguration section */
		FE5FED9624D29CAC00DAD9A4 /* Debug */ = {
			isa = XCBuildConfiguration;
			buildSettings = {
				ALWAYS_SEARCH_USER_PATHS = NO;
				CLANG_ANALYZER_NONNULL = YES;
				CLANG_ANALYZER_NUMBER_OBJECT_CONVERSION = YES_AGGRESSIVE;
				CLANG_CXX_LANGUAGE_STANDARD = "gnu++14";
				CLANG_CXX_LIBRARY = "libc++";
				CLANG_ENABLE_MODULES = YES;
				CLANG_ENABLE_OBJC_ARC = YES;
				CLANG_ENABLE_OBJC_WEAK = YES;
				CLANG_WARN_BLOCK_CAPTURE_AUTORELEASING = YES;
				CLANG_WARN_BOOL_CONVERSION = YES;
				CLANG_WARN_COMMA = YES;
				CLANG_WARN_CONSTANT_CONVERSION = YES;
				CLANG_WARN_DEPRECATED_OBJC_IMPLEMENTATIONS = YES;
				CLANG_WARN_DIRECT_OBJC_ISA_USAGE = YES_ERROR;
				CLANG_WARN_DOCUMENTATION_COMMENTS = YES;
				CLANG_WARN_EMPTY_BODY = YES;
				CLANG_WARN_ENUM_CONVERSION = YES;
				CLANG_WARN_INFINITE_RECURSION = YES;
				CLANG_WARN_INT_CONVERSION = YES;
				CLANG_WARN_NON_LITERAL_NULL_CONVERSION = YES;
				CLANG_WARN_OBJC_IMPLICIT_RETAIN_SELF = YES;
				CLANG_WARN_OBJC_LITERAL_CONVERSION = YES;
				CLANG_WARN_OBJC_ROOT_CLASS = YES_ERROR;
				CLANG_WARN_RANGE_LOOP_ANALYSIS = YES;
				CLANG_WARN_STRICT_PROTOTYPES = YES;
				CLANG_WARN_SUSPICIOUS_MOVE = YES;
				CLANG_WARN_UNGUARDED_AVAILABILITY = YES_AGGRESSIVE;
				CLANG_WARN_UNREACHABLE_CODE = YES;
				CLANG_WARN__DUPLICATE_METHOD_MATCH = YES;
				COPY_PHASE_STRIP = NO;
				DEBUG_INFORMATION_FORMAT = dwarf;
				ENABLE_STRICT_OBJC_MSGSEND = YES;
				ENABLE_TESTABILITY = YES;
				GCC_C_LANGUAGE_STANDARD = gnu11;
				GCC_DYNAMIC_NO_PIC = NO;
				GCC_NO_COMMON_BLOCKS = YES;
				GCC_OPTIMIZATION_LEVEL = 0;
				GCC_PREPROCESSOR_DEFINITIONS = (
					"DEBUG=1",
					"$(inherited)",
				);
				GCC_WARN_64_TO_32_BIT_CONVERSION = YES;
				GCC_WARN_ABOUT_RETURN_TYPE = YES_ERROR;
				GCC_WARN_UNDECLARED_SELECTOR = YES;
				GCC_WARN_UNINITIALIZED_AUTOS = YES_AGGRESSIVE;
				GCC_WARN_UNUSED_FUNCTION = YES;
				GCC_WARN_UNUSED_VARIABLE = YES;
				IPHONEOS_DEPLOYMENT_TARGET = 13.0;
				MTL_ENABLE_DEBUG_INFO = INCLUDE_SOURCE;
				MTL_FAST_MATH = YES;
				ONLY_ACTIVE_ARCH = YES;
				SDKROOT = iphoneos;
			};
			name = Debug;
		};
		FE5FED9724D29CAC00DAD9A4 /* Release */ = {
			isa = XCBuildConfiguration;
			buildSettings = {
				ALWAYS_SEARCH_USER_PATHS = NO;
				CLANG_ANALYZER_NONNULL = YES;
				CLANG_ANALYZER_NUMBER_OBJECT_CONVERSION = YES_AGGRESSIVE;
				CLANG_CXX_LANGUAGE_STANDARD = "gnu++14";
				CLANG_CXX_LIBRARY = "libc++";
				CLANG_ENABLE_MODULES = YES;
				CLANG_ENABLE_OBJC_ARC = YES;
				CLANG_ENABLE_OBJC_WEAK = YES;
				CLANG_WARN_BLOCK_CAPTURE_AUTORELEASING = YES;
				CLANG_WARN_BOOL_CONVERSION = YES;
				CLANG_WARN_COMMA = YES;
				CLANG_WARN_CONSTANT_CONVERSION = YES;
				CLANG_WARN_DEPRECATED_OBJC_IMPLEMENTATIONS = YES;
				CLANG_WARN_DIRECT_OBJC_ISA_USAGE = YES_ERROR;
				CLANG_WARN_DOCUMENTATION_COMMENTS = YES;
				CLANG_WARN_EMPTY_BODY = YES;
				CLANG_WARN_ENUM_CONVERSION = YES;
				CLANG_WARN_INFINITE_RECURSION = YES;
				CLANG_WARN_INT_CONVERSION = YES;
				CLANG_WARN_NON_LITERAL_NULL_CONVERSION = YES;
				CLANG_WARN_OBJC_IMPLICIT_RETAIN_SELF = YES;
				CLANG_WARN_OBJC_LITERAL_CONVERSION = YES;
				CLANG_WARN_OBJC_ROOT_CLASS = YES_ERROR;
				CLANG_WARN_RANGE_LOOP_ANALYSIS = YES;
				CLANG_WARN_STRICT_PROTOTYPES = YES;
				CLANG_WARN_SUSPICIOUS_MOVE = YES;
				CLANG_WARN_UNGUARDED_AVAILABILITY = YES_AGGRESSIVE;
				CLANG_WARN_UNREACHABLE_CODE = YES;
				CLANG_WARN__DUPLICATE_METHOD_MATCH = YES;
				COPY_PHASE_STRIP = NO;
				DEBUG_INFORMATION_FORMAT = "dwarf-with-dsym";
				ENABLE_NS_ASSERTIONS = NO;
				ENABLE_STRICT_OBJC_MSGSEND = YES;
				GCC_C_LANGUAGE_STANDARD = gnu11;
				GCC_NO_COMMON_BLOCKS = YES;
				GCC_WARN_64_TO_32_BIT_CONVERSION = YES;
				GCC_WARN_ABOUT_RETURN_TYPE = YES_ERROR;
				GCC_WARN_UNDECLARED_SELECTOR = YES;
				GCC_WARN_UNINITIALIZED_AUTOS = YES_AGGRESSIVE;
				GCC_WARN_UNUSED_FUNCTION = YES;
				GCC_WARN_UNUSED_VARIABLE = YES;
				IPHONEOS_DEPLOYMENT_TARGET = 13.0;
				MTL_ENABLE_DEBUG_INFO = NO;
				MTL_FAST_MATH = YES;
				SDKROOT = iphoneos;
				VALIDATE_PRODUCT = YES;
			};
			name = Release;
		};
		FE5FED9924D29CAC00DAD9A4 /* Debug */ = {
			isa = XCBuildConfiguration;
			buildSettings = {
				ASSETCATALOG_COMPILER_APPICON_NAME = AppIcon;
				CODE_SIGN_STYLE = Automatic;
				INFOPLIST_FILE = PodTest/Info.plist;
				LD_RUNPATH_SEARCH_PATHS = (
					"$(inherited)",
					"@executable_path/Frameworks",
				);
				PRODUCT_BUNDLE_IDENTIFIER = com.xyty.PodTest;
				PRODUCT_NAME = "$(TARGET_NAME)";
				TARGETED_DEVICE_FAMILY = "1,2";
			};
			name = Debug;
		};
		FE5FED9A24D29CAC00DAD9A4 /* Release */ = {
			isa = XCBuildConfiguration;
			buildSettings = {
				ASSETCATALOG_COMPILER_APPICON_NAME = AppIcon;
				CODE_SIGN_STYLE = Automatic;
				INFOPLIST_FILE = PodTest/Info.plist;
				LD_RUNPATH_SEARCH_PATHS = (
					"$(inherited)",
					"@executable_path/Frameworks",
				);
				PRODUCT_BUNDLE_IDENTIFIER = com.xyty.PodTest;
				PRODUCT_NAME = "$(TARGET_NAME)";
				TARGETED_DEVICE_FAMILY = "1,2";
			};
			name = Release;
		};
/* End XCBuildConfiguration section */

/* Begin XCConfigurationList section */
		FE5FED7A24D29CAB00DAD9A4 /* Build configuration list for PBXProject "PodTest" */ = {
			isa = XCConfigurationList;
			buildConfigurations = (
				FE5FED9624D29CAC00DAD9A4 /* Debug */,
				FE5FED9724D29CAC00DAD9A4 /* Release */,
			);
			defaultConfigurationIsVisible = 0;
			defaultConfigurationName = Release;
		};
		FE5FED9824D29CAC00DAD9A4 /* Build configuration list for PBXNativeTarget "PodTest" */ = {
			isa = XCConfigurationList;
			buildConfigurations = (
				FE5FED9924D29CAC00DAD9A4 /* Debug */,
				FE5FED9A24D29CAC00DAD9A4 /* Release */,
			);
			defaultConfigurationIsVisible = 0;
			defaultConfigurationName = Release;
		};
/* End XCConfigurationList section */
	};
	rootObject = FE5FED7724D29CAB00DAD9A4 /* Project object */;
}
